
Microsoft Visual Studio Solution File, Format Version 12.00
Project("{FAE04EC0-301F-11D3-BF4B-00C04F79EFBC}") = "CoincheCardGame", "CoincheCardGame\CoincheCardGame.csproj", "{48CB4EEA-FDA6-4583-BFE5-A0FBCAEE4380}"
EndProject
Global
	GlobalSection(SolutionConfigurationPlatforms) = preSolution
		Debug|Any CPU = Debug|Any CPU
		Release|Any CPU = Release|Any CPU
	EndGlobalSection
	GlobalSection(ProjectConfigurationPlatforms) = postSolution
		{48CB4EEA-FDA6-4583-BFE5-A0FBCAEE4380}.Debug|Any CPU.ActiveCfg = Debug|Any CPU
		{48CB4EEA-FDA6-4583-BFE5-A0FBCAEE4380}.Debug|Any CPU.Build.0 = Debug|Any CPU
		{48CB4EEA-FDA6-4583-BFE5-A0FBCAEE4380}.Release|Any CPU.ActiveCfg = Release|Any CPU
		{48CB4EEA-FDA6-4583-BFE5-A0FBCAEE4380}.Release|Any CPU.Build.0 = Release|Any CPU
	EndGlobalSection
EndGlobal
